DEPENDENCIES
  basedatacenter
    path: .
    metadata: true
  tarball
    git: git://github.com/ooyala/tarball-chef-cookbook.git
    revision: f83bed678bbde4997958d5de1093c65105a13118

GRAPH
  apache2 (3.2.2)
  apt (2.9.2)
  basedatacenter (1.0.0)
    apache2 (~> 3.2.2)
    apt (~> 2.9)
    database (~> 5.1)
    firewall (~> 2.4)
    java (~> 1.42.0)
    mysql (~> 8.0)
    mysql2_chef_gem (~> 1.0)
    tarball (>= 0.0.0)
    users (~> 3.0.0)
  build-essential (7.0.0)
    compat_resource (>= 12.14)
    mingw (>= 1.1)
    seven_zip (>= 0.0.0)
  chef-sugar (3.4.0)
  compat_resource (12.14.7)
  database (5.1.2)
    postgresql (>= 1.0.0)
  firewall (2.5.2)
    chef-sugar (>= 0.0.0)
  homebrew (2.1.2)
    build-essential (>= 2.1.2)
  java (1.42.0)
    apt (>= 0.0.0)
    homebrew (>= 0.0.0)
    windows (>= 0.0.0)
  mariadb (0.3.1)
    apt (>= 0.0.0)
    yum (>= 0.0.0)
    yum-epel (>= 0.0.0)
  mingw (1.2.4)
    compat_resource (>= 0.0.0)
    seven_zip (>= 0.0.0)
  mysql (8.0.4)
  mysql2_chef_gem (1.1.0)
    build-essential (>= 0.0.0)
    mariadb (>= 0.0.0)
    mysql (>= 6.0)
  openssl (4.4.0)
    chef-sugar (>= 3.1.1)
  postgresql (4.0.6)
    apt (>= 1.9.0)
    build-essential (>= 0.0.0)
    openssl (~> 4.0)
  seven_zip (2.0.2)
    windows (>= 1.2.2)
  tarball (0.0.1)
  users (3.0.0)
  windows (2.0.2)
  yum (4.0.0)
  yum-epel (1.0.1)
    yum (>= 3.6)
